
Microsoft Visual Studio Solution File, Format Version 12.00
# Visual Studio Version 17
VisualStudioVersion = 17.1.32210.238
MinimumVisualStudioVersion = 10.0.40219.1
Project("{FAE04EC0-301F-11D3-BF4B-00C04F79EFBC}") = "PT_137131", "PT_137131\PT_137131.csproj", "{34D2FFC8-1DBD-47B4-8525-70EDA9010086}"
EndProject
Global
	GlobalSection(SolutionConfigurationPlatforms) = preSolution
		Debug|Any CPU = Debug|Any CPU
		Release|Any CPU = Release|Any CPU
	EndGlobalSection
	GlobalSection(ProjectConfigurationPlatforms) = postSolution
		{34D2FFC8-1DBD-47B4-8525-70EDA9010086}.Debug|Any CPU.ActiveCfg = Debug|Any CPU
		{34D2FFC8-1DBD-47B4-8525-70EDA9010086}.Debug|Any CPU.Build.0 = Debug|Any CPU
		{34D2FFC8-1DBD-47B4-8525-70EDA9010086}.Release|Any CPU.ActiveCfg = Release|Any CPU
		{34D2FFC8-1DBD-47B4-8525-70EDA9010086}.Release|Any CPU.Build.0 = Release|Any CPU
	EndGlobalSection
	GlobalSection(SolutionProperties) = preSolution
		HideSolutionNode = FALSE
	EndGlobalSection
	GlobalSection(ExtensibilityGlobals) = postSolution
		SolutionGuid = {3288F334-5D0B-4D3B-9183-AF4449858D56}
	EndGlobalSection
EndGlobal
